
Microsoft Visual Studio Solution File, Format Version 12.00
# Visual Studio 15
VisualStudioVersion = 15.0.28010.2026
MinimumVisualStudioVersion = 10.0.40219.1
Project("{FAE04EC0-301F-11D3-BF4B-00C04F79EFBC}") = "Dont-Fall", "Dont-Fall\Dont-Fall.csproj", "{7745B195-BA70-4E72-AA1D-9CA1776DE0CB}"
EndProject
Global
	GlobalSection(SolutionConfigurationPlatforms) = preSolution
		Debug|Any CPU = Debug|Any CPU
		Release|Any CPU = Release|Any CPU
	EndGlobalSection
	GlobalSection(ProjectConfigurationPlatforms) = postSolution
		{7745B195-BA70-4E72-AA1D-9CA1776DE0CB}.Debug|Any CPU.ActiveCfg = Debug|Any CPU
		{7745B195-BA70-4E72-AA1D-9CA1776DE0CB}.Debug|Any CPU.Build.0 = Debug|Any CPU
		{7745B195-BA70-4E72-AA1D-9CA1776DE0CB}.Release|Any CPU.ActiveCfg = Release|Any CPU
		{7745B195-BA70-4E72-AA1D-9CA1776DE0CB}.Release|Any CPU.Build.0 = Release|Any CPU
	EndGlobalSection
	GlobalSection(SolutionProperties) = preSolution
		HideSolutionNode = FALSE
	EndGlobalSection
	GlobalSection(ExtensibilityGlobals) = postSolution
		SolutionGuid = {C09B2815-A624-4388-A9E9-6EBDD23705DE}
	EndGlobalSection
EndGlobal
